
Microsoft Visual Studio Solution File, Format Version 12.00
# Visual Studio Version 16
VisualStudioVersion = 16.0.30611.23
MinimumVisualStudioVersion = 10.0.40219.1
Project("{FAE04EC0-301F-11D3-BF4B-00C04F79EFBC}") = "Ionici_Floriana_Proiect", "Ionici_Floriana_Proiect.csproj", "{11B5A452-0C32-4A9E-A2E7-96AC990443D0}"
EndProject
Global
	GlobalSection(SolutionConfigurationPlatforms) = preSolution
		Debug|Any CPU = Debug|Any CPU
		Release|Any CPU = Release|Any CPU
	EndGlobalSection
	GlobalSection(ProjectConfigurationPlatforms) = postSolution
		{11B5A452-0C32-4A9E-A2E7-96AC990443D0}.Debug|Any CPU.ActiveCfg = Debug|Any CPU
		{11B5A452-0C32-4A9E-A2E7-96AC990443D0}.Debug|Any CPU.Build.0 = Debug|Any CPU
		{11B5A452-0C32-4A9E-A2E7-96AC990443D0}.Release|Any CPU.ActiveCfg = Release|Any CPU
		{11B5A452-0C32-4A9E-A2E7-96AC990443D0}.Release|Any CPU.Build.0 = Release|Any CPU
	EndGlobalSection
	GlobalSection(SolutionProperties) = preSolution
		HideSolutionNode = FALSE
	EndGlobalSection
	GlobalSection(ExtensibilityGlobals) = postSolution
		SolutionGuid = {6BBD4C18-8C9D-4E90-82EC-F914DDD42353}
	EndGlobalSection
EndGlobal
